
Microsoft Visual Studio Solution File, Format Version 12.00
# Visual Studio 15
VisualStudioVersion = 15.0.27428.2037
MinimumVisualStudioVersion = 10.0.40219.1
Project("{FAE04EC0-301F-11D3-BF4B-00C04F79EFBC}") = "IPv6ToBleSixLowPanLibraryForDesktop", "IPv6ToBleSixLowPanLibraryForDesktop\IPv6ToBleSixLowPanLibraryForDesktop.csproj", "{F8BB26DF-3F11-4BD3-BA35-D5CD569E0CCD}"
EndProject
Project("{FAE04EC0-301F-11D3-BF4B-00C04F79EFBC}") = "IPv6ToBleSixLowPanLibraryForUWP", "IPv6ToBleSixLowPanLibraryForUWP\IPv6ToBleSixLowPanLibraryForUWP.csproj", "{FD1DE28A-FA99-463A-B8CD-574EB918ACA4}"
EndProject
Global
	GlobalSection(SolutionConfigurationPlatforms) = preSolution
		Debug|Any CPU = Debug|Any CPU
		Debug|ARM = Debug|ARM
		Debug|x64 = Debug|x64
		Debug|x86 = Debug|x86
		Release|Any CPU = Release|Any CPU
		Release|ARM = Release|ARM
		Release|x64 = Release|x64
		Release|x86 = Release|x86
	EndGlobalSection
	GlobalSection(ProjectConfigurationPlatforms) = postSolution
		{F8BB26DF-3F11-4BD3-BA35-D5CD569E0CCD}.Debug|Any CPU.ActiveCfg = Debug|Any CPU
		{F8BB26DF-3F11-4BD3-BA35-D5CD569E0CCD}.Debug|Any CPU.Build.0 = Debug|Any CPU
		{F8BB26DF-3F11-4BD3-BA35-D5CD569E0CCD}.Debug|ARM.ActiveCfg = Debug|Any CPU
		{F8BB26DF-3F11-4BD3-BA35-D5CD569E0CCD}.Debug|ARM.Build.0 = Debug|Any CPU
		{F8BB26DF-3F11-4BD3-BA35-D5CD569E0CCD}.Debug|x64.ActiveCfg = Debug|Any CPU
		{F8BB26DF-3F11-4BD3-BA35-D5CD569E0CCD}.Debug|x64.Build.0 = Debug|Any CPU
		{F8BB26DF-3F11-4BD3-BA35-D5CD569E0CCD}.Debug|x86.ActiveCfg = Debug|Any CPU
		{F8BB26DF-3F11-4BD3-BA35-D5CD569E0CCD}.Debug|x86.Build.0 = Debug|Any CPU
		{F8BB26DF-3F11-4BD3-BA35-D5CD569E0CCD}.Release|Any CPU.ActiveCfg = Release|Any CPU
		{F8BB26DF-3F11-4BD3-BA35-D5CD569E0CCD}.Release|Any CPU.Build.0 = Release|Any CPU
		{F8BB26DF-3F11-4BD3-BA35-D5CD569E0CCD}.Release|ARM.ActiveCfg = Release|Any CPU
		{F8BB26DF-3F11-4BD3-BA35-D5CD569E0CCD}.Release|ARM.Build.0 = Release|Any CPU
		{F8BB26DF-3F11-4BD3-BA35-D5CD569E0CCD}.Release|x64.ActiveCfg = Release|Any CPU
		{F8BB26DF-3F11-4BD3-BA35-D5CD569E0CCD}.Release|x64.Build.0 = Release|Any CPU
		{F8BB26DF-3F11-4BD3-BA35-D5CD569E0CCD}.Release|x86.ActiveCfg = Release|Any CPU
		{F8BB26DF-3F11-4BD3-BA35-D5CD569E0CCD}.Release|x86.Build.0 = Release|Any CPU
		{FD1DE28A-FA99-463A-B8CD-574EB918ACA4}.Debug|Any CPU.ActiveCfg = Debug|Any CPU
		{FD1DE28A-FA99-463A-B8CD-574EB918ACA4}.Debug|Any CPU.Build.0 = Debug|Any CPU
		{FD1DE28A-FA99-463A-B8CD-574EB918ACA4}.Debug|ARM.ActiveCfg = Debug|ARM
		{FD1DE28A-FA99-463A-B8CD-574EB918ACA4}.Debug|ARM.Build.0 = Debug|ARM
		{FD1DE28A-FA99-463A-B8CD-574EB918ACA4}.Debug|x64.ActiveCfg = Debug|x64
		{FD1DE28A-FA99-463A-B8CD-574EB918ACA4}.Debug|x64.Build.0 = Debug|x64
		{FD1DE28A-FA99-463A-B8CD-574EB918ACA4}.Debug|x86.ActiveCfg = Debug|x86
		{FD1DE28A-FA99-463A-B8CD-574EB918ACA4}.Debug|x86.Build.0 = Debug|x86
		{FD1DE28A-FA99-463A-B8CD-574EB918ACA4}.Release|Any CPU.ActiveCfg = Release|Any CPU
		{FD1DE28A-FA99-463A-B8CD-574EB918ACA4}.Release|Any CPU.Build.0 = Release|Any CPU
		{FD1DE28A-FA99-463A-B8CD-574EB918ACA4}.Release|ARM.ActiveCfg = Release|ARM
		{FD1DE28A-FA99-463A-B8CD-574EB918ACA4}.Release|ARM.Build.0 = Release|ARM
		{FD1DE28A-FA99-463A-B8CD-574EB918ACA4}.Release|x64.ActiveCfg = Release|x64
		{FD1DE28A-FA99-463A-B8CD-574EB918ACA4}.Release|x64.Build.0 = Release|x64
		{FD1DE28A-FA99-463A-B8CD-574EB918ACA4}.Release|x86.ActiveCfg = Release|x86
		{FD1DE28A-FA99-463A-B8CD-574EB918ACA4}.Release|x86.Build.0 = Release|x86
	EndGlobalSection
	GlobalSection(SolutionProperties) = preSolution
		HideSolutionNode = FALSE
	EndGlobalSection
	GlobalSection(ExtensibilityGlobals) = postSolution
		SolutionGuid = {DA4AF41B-18E8-4CE7-9D30-0838A8818B04}
	EndGlobalSection
EndGlobal
