
Microsoft Visual Studio Solution File, Format Version 12.00
# Visual Studio 15
VisualStudioVersion = 15.0.27130.2026
MinimumVisualStudioVersion = 10.0.40219.1
Project("{8BC9CEB8-8B4A-11D0-8D11-00A0C91BC942}") = "IPv6ToBle", "IPv6ToBle\IPv6ToBle.vcxproj", "{48F0B76C-D787-4D69-B202-5AE98C74636F}"
EndProject
Global
	GlobalSection(SolutionConfigurationPlatforms) = preSolution
		Debug|ARM = Debug|ARM
		Debug|ARM64 = Debug|ARM64
		Debug|x64 = Debug|x64
		Debug|x86 = Debug|x86
		Release|ARM = Release|ARM
		Release|ARM64 = Release|ARM64
		Release|x64 = Release|x64
		Release|x86 = Release|x86
	EndGlobalSection
	GlobalSection(ProjectConfigurationPlatforms) = postSolution
		{48F0B76C-D787-4D69-B202-5AE98C74636F}.Debug|ARM.ActiveCfg = Debug|ARM
		{48F0B76C-D787-4D69-B202-5AE98C74636F}.Debug|ARM.Build.0 = Debug|ARM
		{48F0B76C-D787-4D69-B202-5AE98C74636F}.Debug|ARM.Deploy.0 = Debug|ARM
		{48F0B76C-D787-4D69-B202-5AE98C74636F}.Debug|ARM64.ActiveCfg = Debug|ARM64
		{48F0B76C-D787-4D69-B202-5AE98C74636F}.Debug|ARM64.Build.0 = Debug|ARM64
		{48F0B76C-D787-4D69-B202-5AE98C74636F}.Debug|ARM64.Deploy.0 = Debug|ARM64
		{48F0B76C-D787-4D69-B202-5AE98C74636F}.Debug|x64.ActiveCfg = Debug|x64
		{48F0B76C-D787-4D69-B202-5AE98C74636F}.Debug|x64.Build.0 = Debug|x64
		{48F0B76C-D787-4D69-B202-5AE98C74636F}.Debug|x64.Deploy.0 = Debug|x64
		{48F0B76C-D787-4D69-B202-5AE98C74636F}.Debug|x86.ActiveCfg = Debug|Win32
		{48F0B76C-D787-4D69-B202-5AE98C74636F}.Debug|x86.Build.0 = Debug|Win32
		{48F0B76C-D787-4D69-B202-5AE98C74636F}.Debug|x86.Deploy.0 = Debug|Win32
		{48F0B76C-D787-4D69-B202-5AE98C74636F}.Release|ARM.ActiveCfg = Release|ARM
		{48F0B76C-D787-4D69-B202-5AE98C74636F}.Release|ARM.Build.0 = Release|ARM
		{48F0B76C-D787-4D69-B202-5AE98C74636F}.Release|ARM.Deploy.0 = Release|ARM
		{48F0B76C-D787-4D69-B202-5AE98C74636F}.Release|ARM64.ActiveCfg = Release|ARM64
		{48F0B76C-D787-4D69-B202-5AE98C74636F}.Release|ARM64.Build.0 = Release|ARM64
		{48F0B76C-D787-4D69-B202-5AE98C74636F}.Release|ARM64.Deploy.0 = Release|ARM64
		{48F0B76C-D787-4D69-B202-5AE98C74636F}.Release|x64.ActiveCfg = Release|x64
		{48F0B76C-D787-4D69-B202-5AE98C74636F}.Release|x64.Build.0 = Release|x64
		{48F0B76C-D787-4D69-B202-5AE98C74636F}.Release|x64.Deploy.0 = Release|x64
		{48F0B76C-D787-4D69-B202-5AE98C74636F}.Release|x86.ActiveCfg = Release|Win32
		{48F0B76C-D787-4D69-B202-5AE98C74636F}.Release|x86.Build.0 = Release|Win32
		{48F0B76C-D787-4D69-B202-5AE98C74636F}.Release|x86.Deploy.0 = Release|Win32
	EndGlobalSection
	GlobalSection(SolutionProperties) = preSolution
		HideSolutionNode = FALSE
	EndGlobalSection
	GlobalSection(ExtensibilityGlobals) = postSolution
		SolutionGuid = {A0C0C5C4-A0A1-45BD-9C0D-58D6AC2711B8}
	EndGlobalSection
EndGlobal
