
Microsoft Visual Studio Solution File, Format Version 12.00
# Visual Studio 15
VisualStudioVersion = 15.0.27428.2015
MinimumVisualStudioVersion = 10.0.40219.1
Project("{FAE04EC0-301F-11D3-BF4B-00C04F79EFBC}") = "IPv6ToBleDriverInterfaceForDesktop", "IPv6ToBleDriverInterfaceForDesktop\IPv6ToBleDriverInterfaceForDesktop.csproj", "{64EB853F-9FD2-4666-A81B-76138F9ADD43}"
EndProject
Project("{FAE04EC0-301F-11D3-BF4B-00C04F79EFBC}") = "IPv6ToBleDriverInterfaceForUWP", "IPv6ToBleDriverInterfaceForUWP\IPv6ToBleDriverInterfaceForUWP.csproj", "{8483B981-7FFF-417C-9BC9-806EEA4525DD}"
EndProject
Global
	GlobalSection(SolutionConfigurationPlatforms) = preSolution
		Debug|Any CPU = Debug|Any CPU
		Debug|ARM = Debug|ARM
		Debug|x64 = Debug|x64
		Debug|x86 = Debug|x86
		Release|Any CPU = Release|Any CPU
		Release|ARM = Release|ARM
		Release|x64 = Release|x64
		Release|x86 = Release|x86
	EndGlobalSection
	GlobalSection(ProjectConfigurationPlatforms) = postSolution
		{64EB853F-9FD2-4666-A81B-76138F9ADD43}.Debug|Any CPU.ActiveCfg = Debug|Any CPU
		{64EB853F-9FD2-4666-A81B-76138F9ADD43}.Debug|Any CPU.Build.0 = Debug|Any CPU
		{64EB853F-9FD2-4666-A81B-76138F9ADD43}.Debug|ARM.ActiveCfg = Debug|Any CPU
		{64EB853F-9FD2-4666-A81B-76138F9ADD43}.Debug|ARM.Build.0 = Debug|Any CPU
		{64EB853F-9FD2-4666-A81B-76138F9ADD43}.Debug|x64.ActiveCfg = Debug|Any CPU
		{64EB853F-9FD2-4666-A81B-76138F9ADD43}.Debug|x64.Build.0 = Debug|Any CPU
		{64EB853F-9FD2-4666-A81B-76138F9ADD43}.Debug|x86.ActiveCfg = Debug|Any CPU
		{64EB853F-9FD2-4666-A81B-76138F9ADD43}.Debug|x86.Build.0 = Debug|Any CPU
		{64EB853F-9FD2-4666-A81B-76138F9ADD43}.Release|Any CPU.ActiveCfg = Release|Any CPU
		{64EB853F-9FD2-4666-A81B-76138F9ADD43}.Release|Any CPU.Build.0 = Release|Any CPU
		{64EB853F-9FD2-4666-A81B-76138F9ADD43}.Release|ARM.ActiveCfg = Release|Any CPU
		{64EB853F-9FD2-4666-A81B-76138F9ADD43}.Release|ARM.Build.0 = Release|Any CPU
		{64EB853F-9FD2-4666-A81B-76138F9ADD43}.Release|x64.ActiveCfg = Release|Any CPU
		{64EB853F-9FD2-4666-A81B-76138F9ADD43}.Release|x64.Build.0 = Release|Any CPU
		{64EB853F-9FD2-4666-A81B-76138F9ADD43}.Release|x86.ActiveCfg = Release|Any CPU
		{64EB853F-9FD2-4666-A81B-76138F9ADD43}.Release|x86.Build.0 = Release|Any CPU
		{8483B981-7FFF-417C-9BC9-806EEA4525DD}.Debug|Any CPU.ActiveCfg = Debug|Any CPU
		{8483B981-7FFF-417C-9BC9-806EEA4525DD}.Debug|Any CPU.Build.0 = Debug|Any CPU
		{8483B981-7FFF-417C-9BC9-806EEA4525DD}.Debug|ARM.ActiveCfg = Debug|ARM
		{8483B981-7FFF-417C-9BC9-806EEA4525DD}.Debug|ARM.Build.0 = Debug|ARM
		{8483B981-7FFF-417C-9BC9-806EEA4525DD}.Debug|x64.ActiveCfg = Debug|x64
		{8483B981-7FFF-417C-9BC9-806EEA4525DD}.Debug|x64.Build.0 = Debug|x64
		{8483B981-7FFF-417C-9BC9-806EEA4525DD}.Debug|x86.ActiveCfg = Debug|x86
		{8483B981-7FFF-417C-9BC9-806EEA4525DD}.Debug|x86.Build.0 = Debug|x86
		{8483B981-7FFF-417C-9BC9-806EEA4525DD}.Release|Any CPU.ActiveCfg = Release|Any CPU
		{8483B981-7FFF-417C-9BC9-806EEA4525DD}.Release|Any CPU.Build.0 = Release|Any CPU
		{8483B981-7FFF-417C-9BC9-806EEA4525DD}.Release|ARM.ActiveCfg = Release|ARM
		{8483B981-7FFF-417C-9BC9-806EEA4525DD}.Release|ARM.Build.0 = Release|ARM
		{8483B981-7FFF-417C-9BC9-806EEA4525DD}.Release|x64.ActiveCfg = Release|x64
		{8483B981-7FFF-417C-9BC9-806EEA4525DD}.Release|x64.Build.0 = Release|x64
		{8483B981-7FFF-417C-9BC9-806EEA4525DD}.Release|x86.ActiveCfg = Release|x86
		{8483B981-7FFF-417C-9BC9-806EEA4525DD}.Release|x86.Build.0 = Release|x86
	EndGlobalSection
	GlobalSection(SolutionProperties) = preSolution
		HideSolutionNode = FALSE
	EndGlobalSection
	GlobalSection(ExtensibilityGlobals) = postSolution
		SolutionGuid = {07D777AA-2E3C-409F-8B54-11E83CA93086}
	EndGlobalSection
EndGlobal
