
Microsoft Visual Studio Solution File, Format Version 12.00
# Visual Studio 15
VisualStudioVersion = 15.0.27428.2037
MinimumVisualStudioVersion = 10.0.40219.1
Project("{FAE04EC0-301F-11D3-BF4B-00C04F79EFBC}") = "IPv6ToBleAdvLibraryForUWP", "IPv6ToBleAdvLibraryForUWP\IPv6ToBleAdvLibraryForUWP.csproj", "{835FA158-639B-493A-98B6-2FC865DB2C4E}"
EndProject
Global
	GlobalSection(SolutionConfigurationPlatforms) = preSolution
		Debug|Any CPU = Debug|Any CPU
		Debug|ARM = Debug|ARM
		Debug|x64 = Debug|x64
		Debug|x86 = Debug|x86
		Release|Any CPU = Release|Any CPU
		Release|ARM = Release|ARM
		Release|x64 = Release|x64
		Release|x86 = Release|x86
	EndGlobalSection
	GlobalSection(ProjectConfigurationPlatforms) = postSolution
		{835FA158-639B-493A-98B6-2FC865DB2C4E}.Debug|Any CPU.ActiveCfg = Debug|Any CPU
		{835FA158-639B-493A-98B6-2FC865DB2C4E}.Debug|Any CPU.Build.0 = Debug|Any CPU
		{835FA158-639B-493A-98B6-2FC865DB2C4E}.Debug|ARM.ActiveCfg = Debug|ARM
		{835FA158-639B-493A-98B6-2FC865DB2C4E}.Debug|ARM.Build.0 = Debug|ARM
		{835FA158-639B-493A-98B6-2FC865DB2C4E}.Debug|x64.ActiveCfg = Debug|x64
		{835FA158-639B-493A-98B6-2FC865DB2C4E}.Debug|x64.Build.0 = Debug|x64
		{835FA158-639B-493A-98B6-2FC865DB2C4E}.Debug|x86.ActiveCfg = Debug|x86
		{835FA158-639B-493A-98B6-2FC865DB2C4E}.Debug|x86.Build.0 = Debug|x86
		{835FA158-639B-493A-98B6-2FC865DB2C4E}.Release|Any CPU.ActiveCfg = Release|Any CPU
		{835FA158-639B-493A-98B6-2FC865DB2C4E}.Release|Any CPU.Build.0 = Release|Any CPU
		{835FA158-639B-493A-98B6-2FC865DB2C4E}.Release|ARM.ActiveCfg = Release|ARM
		{835FA158-639B-493A-98B6-2FC865DB2C4E}.Release|ARM.Build.0 = Release|ARM
		{835FA158-639B-493A-98B6-2FC865DB2C4E}.Release|x64.ActiveCfg = Release|x64
		{835FA158-639B-493A-98B6-2FC865DB2C4E}.Release|x64.Build.0 = Release|x64
		{835FA158-639B-493A-98B6-2FC865DB2C4E}.Release|x86.ActiveCfg = Release|x86
		{835FA158-639B-493A-98B6-2FC865DB2C4E}.Release|x86.Build.0 = Release|x86
	EndGlobalSection
	GlobalSection(SolutionProperties) = preSolution
		HideSolutionNode = FALSE
	EndGlobalSection
	GlobalSection(ExtensibilityGlobals) = postSolution
		SolutionGuid = {B04AA566-004D-460A-A1E5-4C8DF8C4C883}
	EndGlobalSection
EndGlobal
